// !$*UTF8*$!
{
	archiveVersion = 1;
	classes = {
	};
	objectVersion = 50;
	objects = {

/* Begin PBXBuildFile section */
		EF596DA322808B3500D6DC81 /* trumpet.wav in Resources */ = {isa = PBXBuildFile; fileRef = EF596DA222808B3500D6DC81 /* trumpet.wav */; };
		EF596DA522808D4B00D6DC81 /* harry.wav in Resources */ = {isa = PBXBuildFile; fileRef = EF596DA422808D4B00D6DC81 /* harry.wav */; };
		EF8D1C2622773F3E003D95D2 /* AppDelegate.swift in Sources */ = {isa = PBXBuildFile; fileRef = EF8D1C2522773F3E003D95D2 /* AppDelegate.swift */; };
		EF8D1C2822773F3E003D95D2 /* ViewController.swift in Sources */ = {isa = PBXBuildFile; fileRef = EF8D1C2722773F3E003D95D2 /* ViewController.swift */; };
		EF8D1C2B22773F3E003D95D2 /* Main.storyboard in Resources */ = {isa = PBXBuildFile; fileRef = EF8D1C2922773F3E003D95D2 /* Main.storyboard */; settings = {ASSET_TAGS = (hola, ); }; };
		EF8D1C2D22773F40003D95D2 /* Assets.xcassets in Resources */ = {isa = PBXBuildFile; fileRef = EF8D1C2C22773F40003D95D2 /* Assets.xcassets */; };
		EF8D1C3022773F40003D95D2 /* LaunchScreen.storyboard in Resources */ = {isa = PBXBuildFile; fileRef = EF8D1C2E22773F40003D95D2 /* LaunchScreen.storyboard */; };
		EFFBAEA822847B22001606BE /* lalala.wav in Resources */ = {isa = PBXBuildFile; fileRef = EFFBAEA722847B21001606BE /* lalala.wav */; };
		EFFBAEAA22847B36001606BE /* violin.wav in Resources */ = {isa = PBXBuildFile; fileRef = EFFBAEA922847B36001606BE /* violin.wav */; };
		EFFBAEAC22847B63001606BE /* guitar.wav in Resources */ = {isa = PBXBuildFile; fileRef = EFFBAEAB22847B63001606BE /* guitar.wav */; };
		EFFBAEAE22847C8F001606BE /* flute.mp3 in Resources */ = {isa = PBXBuildFile; fileRef = EFFBAEAD22847C8F001606BE /* flute.mp3 */; };
		EFFBAEB022847DD2001606BE /* drum.mp3 in Resources */ = {isa = PBXBuildFile; fileRef = EFFBAEAF22847DD2001606BE /* drum.mp3 */; };
/* End PBXBuildFile section */

/* Begin PBXFileReference section */
		EF596DA222808B3500D6DC81 /* trumpet.wav */ = {isa = PBXFileReference; lastKnownFileType = audio.wav; path = trumpet.wav; sourceTree = "<group>"; };
		EF596DA422808D4B00D6DC81 /* harry.wav */ = {isa = PBXFileReference; lastKnownFileType = audio.wav; path = harry.wav; sourceTree = "<group>"; };
		EF8D1C2222773F3E003D95D2 /* practica2.app */ = {isa = PBXFileReference; explicitFileType = wrapper.application; includeInIndex = 0; path = practica2.app; sourceTree = BUILT_PRODUCTS_DIR; };
		EF8D1C2522773F3E003D95D2 /* AppDelegate.swift */ = {isa = PBXFileReference; lastKnownFileType = sourcecode.swift; path = AppDelegate.swift; sourceTree = "<group>"; };
		EF8D1C2722773F3E003D95D2 /* ViewController.swift */ = {isa = PBXFileReference; lastKnownFileType = sourcecode.swift; path = ViewController.swift; sourceTree = "<group>"; };
		EF8D1C2A22773F3E003D95D2 /* Base */ = {isa = PBXFileReference; lastKnownFileType = file.storyboard; name = Base; path = Base.lproj/Main.storyboard; sourceTree = "<group>"; };
		EF8D1C2C22773F40003D95D2 /* Assets.xcassets */ = {isa = PBXFileReference; lastKnownFileType = folder.assetcatalog; path = Assets.xcassets; sourceTree = "<group>"; };
		EF8D1C2F22773F40003D95D2 /* Base */ = {isa = PBXFileReference; lastKnownFileType = file.storyboard; name = Base; path = Base.lproj/LaunchScreen.storyboard; sourceTree = "<group>"; };
		EF8D1C3122773F40003D95D2 /* Info.plist */ = {isa = PBXFileReference; lastKnownFileType = text.plist.xml; path = Info.plist; sourceTree = "<group>"; };
		EFFBAEA722847B21001606BE /* lalala.wav */ = {isa = PBXFileReference; lastKnownFileType = audio.wav; path = lalala.wav; sourceTree = "<group>"; };
		EFFBAEA922847B36001606BE /* violin.wav */ = {isa = PBXFileReference; lastKnownFileType = audio.wav; path = violin.wav; sourceTree = "<group>"; };
		EFFBAEAB22847B63001606BE /* guitar.wav */ = {isa = PBXFileReference; lastKnownFileType = audio.wav; path = guitar.wav; sourceTree = "<group>"; };
		EFFBAEAD22847C8F001606BE /* flute.mp3 */ = {isa = PBXFileReference; lastKnownFileType = audio.mp3; path = flute.mp3; sourceTree = "<group>"; };
		EFFBAEAF22847DD2001606BE /* drum.mp3 */ = {isa = PBXFileReference; lastKnownFileType = audio.mp3; path = drum.mp3; sourceTree = "<group>"; };
/* End PBXFileReference section */

/* Begin PBXFrameworksBuildPhase section */
		EF8D1C1F22773F3E003D95D2 /* Frameworks */ = {
			isa = PBXFrameworksBuildPhase;
			buildActionMask = 2147483647;
			files = (
			);
			runOnlyForDeploymentPostprocessing = 0;
		};
/* End PBXFrameworksBuildPhase section */

/* Begin PBXGroup section */
		EF596DA122808B1D00D6DC81 /* audio */ = {
			isa = PBXGroup;
			children = (
				EF596DA422808D4B00D6DC81 /* harry.wav */,
				EF596DA222808B3500D6DC81 /* trumpet.wav */,
				EFFBAEAB22847B63001606BE /* guitar.wav */,
				EFFBAEAF22847DD2001606BE /* drum.mp3 */,
				EFFBAEAD22847C8F001606BE /* flute.mp3 */,
				EFFBAEA722847B21001606BE /* lalala.wav */,
				EFFBAEA922847B36001606BE /* violin.wav */,
			);
			path = audio;
			sourceTree = "<group>";
		};
		EF8D1C1922773F3E003D95D2 = {
			isa = PBXGroup;
			children = (
				EF8D1C2422773F3E003D95D2 /* practica2 */,
				EF8D1C2322773F3E003D95D2 /* Products */,
			);
			sourceTree = "<group>";
		};
		EF8D1C2322773F3E003D95D2 /* Products */ = {
			isa = PBXGroup;
			children = (
				EF8D1C2222773F3E003D95D2 /* practica2.app */,
			);
			name = Products;
			sourceTree = "<group>";
		};
		EF8D1C2422773F3E003D95D2 /* practica2 */ = {
			isa = PBXGroup;
			children = (
				EF596DA122808B1D00D6DC81 /* audio */,
				EF8D1C2522773F3E003D95D2 /* AppDelegate.swift */,
				EF8D1C2722773F3E003D95D2 /* ViewController.swift */,
				EF8D1C2922773F3E003D95D2 /* Main.storyboard */,
				EF8D1C2C22773F40003D95D2 /* Assets.xcassets */,
				EF8D1C2E22773F40003D95D2 /* LaunchScreen.storyboard */,
				EF8D1C3122773F40003D95D2 /* Info.plist */,
			);
			path = practica2;
			sourceTree = "<group>";
		};
/* End PBXGroup section */

/* Begin PBXNativeTarget section */
		EF8D1C2122773F3E003D95D2 /* practica2 */ = {
			isa = PBXNativeTarget;
			buildConfigurationList = EF8D1C3422773F40003D95D2 /* Build configuration list for PBXNativeTarget "practica2" */;
			buildPhases = (
				EF8D1C1E22773F3E003D95D2 /* Sources */,
				EF8D1C1F22773F3E003D95D2 /* Frameworks */,
				EF8D1C2022773F3E003D95D2 /* Resources */,
			);
			buildRules = (
			);
			dependencies = (
			);
			name = practica2;
			productName = practica2;
			productReference = EF8D1C2222773F3E003D95D2 /* practica2.app */;
			productType = "com.apple.product-type.application";
		};
/* End PBXNativeTarget section */

/* Begin PBXProject section */
		EF8D1C1A22773F3E003D95D2 /* Project object */ = {
			isa = PBXProject;
			attributes = {
				KnownAssetTags = (
					hola,
				);
				LastSwiftUpdateCheck = 1010;
				LastUpgradeCheck = 1010;
				ORGANIZATIONNAME = GRV;
				TargetAttributes = {
					EF8D1C2122773F3E003D95D2 = {
						CreatedOnToolsVersion = 10.1;
					};
				};
			};
			buildConfigurationList = EF8D1C1D22773F3E003D95D2 /* Build configuration list for PBXProject "practica2" */;
			compatibilityVersion = "Xcode 9.3";
			developmentRegion = en;
			hasScannedForEncodings = 0;
			knownRegions = (
				en,
				Base,
			);
			mainGroup = EF8D1C1922773F3E003D95D2;
			productRefGroup = EF8D1C2322773F3E003D95D2 /* Products */;
			projectDirPath = "";
			projectRoot = "";
			targets = (
				EF8D1C2122773F3E003D95D2 /* practica2 */,
			);
		};
/* End PBXProject section */

/* Begin PBXResourcesBuildPhase section */
		EF8D1C2022773F3E003D95D2 /* Resources */ = {
			isa = PBXResourcesBuildPhase;
			buildActionMask = 2147483647;
			files = (
				EF8D1C3022773F40003D95D2 /* LaunchScreen.storyboard in Resources */,
				EF596DA322808B3500D6DC81 /* trumpet.wav in Resources */,
				EFFBAEAC22847B63001606BE /* guitar.wav in Resources */,
				EFFBAEB022847DD2001606BE /* drum.mp3 in Resources */,
				EFFBAEAE22847C8F001606BE /* flute.mp3 in Resources */,
				EF8D1C2D22773F40003D95D2 /* Assets.xcassets in Resources */,
				EF596DA522808D4B00D6DC81 /* harry.wav in Resources */,
				EFFBAEA822847B22001606BE /* lalala.wav in Resources */,
				EFFBAEAA22847B36001606BE /* violin.wav in Resources */,
				EF8D1C2B22773F3E003D95D2 /* Main.storyboard in Resources */,
			);
			runOnlyForDeploymentPostprocessing = 0;
		};
/* End PBXResourcesBuildPhase section */

/* Begin PBXSourcesBuildPhase section */
		EF8D1C1E22773F3E003D95D2 /* Sources */ = {
			isa = PBXSourcesBuildPhase;
			buildActionMask = 2147483647;
			files = (
				EF8D1C2822773F3E003D95D2 /* ViewController.swift in Sources */,
				EF8D1C2622773F3E003D95D2 /* AppDelegate.swift in Sources */,
			);
			runOnlyForDeploymentPostprocessing = 0;
		};
/* End PBXSourcesBuildPhase section */

/* Begin PBXVariantGroup section */
		EF8D1C2922773F3E003D95D2 /* Main.storyboard */ = {
			isa = PBXVariantGroup;
			children = (
				EF8D1C2A22773F3E003D95D2 /* Base */,
			);
			name = Main.storyboard;
			sourceTree = "<group>";
		};
		EF8D1C2E22773F40003D95D2 /* LaunchScreen.storyboard */ = {
			isa = PBXVariantGroup;
			children = (
				EF8D1C2F22773F40003D95D2 /* Base */,
			);
			name = LaunchScreen.storyboard;
			sourceTree = "<group>";
		};
/* End PBXVariantGroup section */

/* Begin XCBuildConfiguration section */
		EF8D1C3222773F40003D95D2 /* Debug */ = {
			isa = XCBuildConfiguration;
			buildSettings = {
				ALWAYS_SEARCH_USER_PATHS = NO;
				CLANG_ANALYZER_NONNULL = YES;
				CLANG_ANALYZER_NUMBER_OBJECT_CONVERSION = YES_AGGRESSIVE;
				CLANG_CXX_LANGUAGE_STANDARD = "gnu++14";
				CLANG_CXX_LIBRARY = "libc++";
				CLANG_ENABLE_MODULES = YES;
				CLANG_ENABLE_OBJC_ARC = YES;
				CLANG_ENABLE_OBJC_WEAK = YES;
				CLANG_WARN_BLOCK_CAPTURE_AUTORELEASING = YES;
				CLANG_WARN_BOOL_CONVERSION = YES;
				CLANG_WARN_COMMA = YES;
				CLANG_WARN_CONSTANT_CONVERSION = YES;
				CLANG_WARN_DEPRECATED_OBJC_IMPLEMENTATIONS = YES;
				CLANG_WARN_DIRECT_OBJC_ISA_USAGE = YES_ERROR;
				CLANG_WARN_DOCUMENTATION_COMMENTS = YES;
				CLANG_WARN_EMPTY_BODY = YES;
				CLANG_WARN_ENUM_CONVERSION = YES;
				CLANG_WARN_INFINITE_RECURSION = YES;
				CLANG_WARN_INT_CONVERSION = YES;
				CLANG_WARN_NON_LITERAL_NULL_CONVERSION = YES;
				CLANG_WARN_OBJC_IMPLICIT_RETAIN_SELF = YES;
				CLANG_WARN_OBJC_LITERAL_CONVERSION = YES;
				CLANG_WARN_OBJC_ROOT_CLASS = YES_ERROR;
				CLANG_WARN_RANGE_LOOP_ANALYSIS = YES;
				CLANG_WARN_STRICT_PROTOTYPES = YES;
				CLANG_WARN_SUSPICIOUS_MOVE = YES;
				CLANG_WARN_UNGUARDED_AVAILABILITY = YES_AGGRESSIVE;
				CLANG_WARN_UNREACHABLE_CODE = YES;
				CLANG_WARN__DUPLICATE_METHOD_MATCH = YES;
				CODE_SIGN_IDENTITY = "iPhone Developer";
				COPY_PHASE_STRIP = NO;
				DEBUG_INFORMATION_FORMAT = dwarf;
				ENABLE_STRICT_OBJC_MSGSEND = YES;
				ENABLE_TESTABILITY = YES;
				GCC_C_LANGUAGE_STANDARD = gnu11;
				GCC_DYNAMIC_NO_PIC = NO;
				GCC_NO_COMMON_BLOCKS = YES;
				GCC_OPTIMIZATION_LEVEL = 0;
				GCC_PREPROCESSOR_DEFINITIONS = (
					"DEBUG=1",
					"$(inherited)",
				);
				GCC_WARN_64_TO_32_BIT_CONVERSION = YES;
				GCC_WARN_ABOUT_RETURN_TYPE = YES_ERROR;
				GCC_WARN_UNDECLARED_SELECTOR = YES;
				GCC_WARN_UNINITIALIZED_AUTOS = YES_AGGRESSIVE;
				GCC_WARN_UNUSED_FUNCTION = YES;
				GCC_WARN_UNUSED_VARIABLE = YES;
				IPHONEOS_DEPLOYMENT_TARGET = 12.1;
				MTL_ENABLE_DEBUG_INFO = INCLUDE_SOURCE;
				MTL_FAST_MATH = YES;
				ONLY_ACTIVE_ARCH = YES;
				SDKROOT = iphoneos;
				SWIFT_ACTIVE_COMPILATION_CONDITIONS = DEBUG;
				SWIFT_OPTIMIZATION_LEVEL = "-Onone";
			};
			name = Debug;
		};
		EF8D1C3322773F40003D95D2 /* Release */ = {
			isa = XCBuildConfiguration;
			buildSettings = {
				ALWAYS_SEARCH_USER_PATHS = NO;
				CLANG_ANALYZER_NONNULL = YES;
				CLANG_ANALYZER_NUMBER_OBJECT_CONVERSION = YES_AGGRESSIVE;
				CLANG_CXX_LANGUAGE_STANDARD = "gnu++14";
				CLANG_CXX_LIBRARY = "libc++";
				CLANG_ENABLE_MODULES = YES;
				CLANG_ENABLE_OBJC_ARC = YES;
				CLANG_ENABLE_OBJC_WEAK = YES;
				CLANG_WARN_BLOCK_CAPTURE_AUTORELEASING = YES;
				CLANG_WARN_BOOL_CONVERSION = YES;
				CLANG_WARN_COMMA = YES;
				CLANG_WARN_CONSTANT_CONVERSION = YES;
				CLANG_WARN_DEPRECATED_OBJC_IMPLEMENTATIONS = YES;
				CLANG_WARN_DIRECT_OBJC_ISA_USAGE = YES_ERROR;
				CLANG_WARN_DOCUMENTATION_COMMENTS = YES;
				CLANG_WARN_EMPTY_BODY = YES;
				CLANG_WARN_ENUM_CONVERSION = YES;
				CLANG_WARN_INFINITE_RECURSION = YES;
				CLANG_WARN_INT_CONVERSION = YES;
				CLANG_WARN_NON_LITERAL_NULL_CONVERSION = YES;
				CLANG_WARN_OBJC_IMPLICIT_RETAIN_SELF = YES;
				CLANG_WARN_OBJC_LITERAL_CONVERSION = YES;
				CLANG_WARN_OBJC_ROOT_CLASS = YES_ERROR;
				CLANG_WARN_RANGE_LOOP_ANALYSIS = YES;
				CLANG_WARN_STRICT_PROTOTYPES = YES;
				CLANG_WARN_SUSPICIOUS_MOVE = YES;
				CLANG_WARN_UNGUARDED_AVAILABILITY = YES_AGGRESSIVE;
				CLANG_WARN_UNREACHABLE_CODE = YES;
				CLANG_WARN__DUPLICATE_METHOD_MATCH = YES;
				CODE_SIGN_IDENTITY = "iPhone Developer";
				COPY_PHASE_STRIP = NO;
				DEBUG_INFORMATION_FORMAT = "dwarf-with-dsym";
				ENABLE_NS_ASSERTIONS = NO;
				ENABLE_STRICT_OBJC_MSGSEND = YES;
				GCC_C_LANGUAGE_STANDARD = gnu11;
				GCC_NO_COMMON_BLOCKS = YES;
				GCC_WARN_64_TO_32_BIT_CONVERSION = YES;
				GCC_WARN_ABOUT_RETURN_TYPE = YES_ERROR;
				GCC_WARN_UNDECLARED_SELECTOR = YES;
				GCC_WARN_UNINITIALIZED_AUTOS = YES_AGGRESSIVE;
				GCC_WARN_UNUSED_FUNCTION = YES;
				GCC_WARN_UNUSED_VARIABLE = YES;
				IPHONEOS_DEPLOYMENT_TARGET = 12.1;
				MTL_ENABLE_DEBUG_INFO = NO;
				MTL_FAST_MATH = YES;
				SDKROOT = iphoneos;
				SWIFT_COMPILATION_MODE = wholemodule;
				SWIFT_OPTIMIZATION_LEVEL = "-O";
				VALIDATE_PRODUCT = YES;
			};
			name = Release;
		};
		EF8D1C3522773F40003D95D2 /* Debug */ = {
			isa = XCBuildConfiguration;
			buildSettings = {
				ASSETCATALOG_COMPILER_APPICON_NAME = AppIcon;
				CODE_SIGN_STYLE = Automatic;
				INFOPLIST_FILE = practica2/Info.plist;
				LD_RUNPATH_SEARCH_PATHS = (
					"$(inherited)",
					"@executable_path/Frameworks",
				);
				PRODUCT_BUNDLE_IDENTIFIER = "CFGS-Salle-Gracia.practica2";
				PRODUCT_NAME = "$(TARGET_NAME)";
				SWIFT_VERSION = 4.2;
				TARGETED_DEVICE_FAMILY = "1,2";
			};
			name = Debug;
		};
		EF8D1C3622773F40003D95D2 /* Release */ = {
			isa = XCBuildConfiguration;
			buildSettings = {
				ASSETCATALOG_COMPILER_APPICON_NAME = AppIcon;
				CODE_SIGN_STYLE = Automatic;
				INFOPLIST_FILE = practica2/Info.plist;
				LD_RUNPATH_SEARCH_PATHS = (
					"$(inherited)",
					"@executable_path/Frameworks",
				);
				PRODUCT_BUNDLE_IDENTIFIER = "CFGS-Salle-Gracia.practica2";
				PRODUCT_NAME = "$(TARGET_NAME)";
				SWIFT_VERSION = 4.2;
				TARGETED_DEVICE_FAMILY = "1,2";
			};
			name = Release;
		};
/* End XCBuildConfiguration section */

/* Begin XCConfigurationList section */
		EF8D1C1D22773F3E003D95D2 /* Build configuration list for PBXProject "practica2" */ = {
			isa = XCConfigurationList;
			buildConfigurations = (
				EF8D1C3222773F40003D95D2 /* Debug */,
				EF8D1C3322773F40003D95D2 /* Release */,
			);
			defaultConfigurationIsVisible = 0;
			defaultConfigurationName = Release;
		};
		EF8D1C3422773F40003D95D2 /* Build configuration list for PBXNativeTarget "practica2" */ = {
			isa = XCConfigurationList;
			buildConfigurations = (
				EF8D1C3522773F40003D95D2 /* Debug */,
				EF8D1C3622773F40003D95D2 /* Release */,
			);
			defaultConfigurationIsVisible = 0;
			defaultConfigurationName = Release;
		};
/* End XCConfigurationList section */
	};
	rootObject = EF8D1C1A22773F3E003D95D2 /* Project object */;
}
